
Microsoft Visual Studio Solution File, Format Version 12.00
# Visual Studio Version 17
VisualStudioVersion = 17.10.35027.167
MinimumVisualStudioVersion = 10.0.40219.1
Project("{FAE04EC0-301F-11D3-BF4B-00C04F79EFBC}") = "MusicSchool2207FA", "MusicSchool2207FA\MusicSchool2207FA.csproj", "{A242536D-C09C-47C7-88E2-A1AA7F4274BB}"
EndProject
Global
	GlobalSection(SolutionConfigurationPlatforms) = preSolution
		Debug|Any CPU = Debug|Any CPU
		Release|Any CPU = Release|Any CPU
	EndGlobalSection
	GlobalSection(ProjectConfigurationPlatforms) = postSolution
		{A242536D-C09C-47C7-88E2-A1AA7F4274BB}.Debug|Any CPU.ActiveCfg = Debug|Any CPU
		{A242536D-C09C-47C7-88E2-A1AA7F4274BB}.Debug|Any CPU.Build.0 = Debug|Any CPU
		{A242536D-C09C-47C7-88E2-A1AA7F4274BB}.Release|Any CPU.ActiveCfg = Release|Any CPU
		{A242536D-C09C-47C7-88E2-A1AA7F4274BB}.Release|Any CPU.Build.0 = Release|Any CPU
	EndGlobalSection
	GlobalSection(SolutionProperties) = preSolution
		HideSolutionNode = FALSE
	EndGlobalSection
	GlobalSection(ExtensibilityGlobals) = postSolution
		SolutionGuid = {A8A37E6D-E9FE-4C84-9B5C-E71EC792A918}
	EndGlobalSection
EndGlobal
